// !$*UTF8*$!
{
	archiveVersion = 1;
	classes = {
	};
	objectVersion = 56;
	objects = {

/* Begin PBXBuildFile section */
		370D11992BBCAA4C00448666 /* MusicPlayerApp.swift in Sources */ = {isa = PBXBuildFile; fileRef = 370D11982BBCAA4C00448666 /* MusicPlayerApp.swift */; };
		370D119B2BBCAA4C00448666 /* ContentView.swift in Sources */ = {isa = PBXBuildFile; fileRef = 370D119A2BBCAA4C00448666 /* ContentView.swift */; };
		370D119D2BBCAA4D00448666 /* Assets.xcassets in Resources */ = {isa = PBXBuildFile; fileRef = 370D119C2BBCAA4D00448666 /* Assets.xcassets */; };
		370D11A02BBCAA4D00448666 /* Preview Assets.xcassets in Resources */ = {isa = PBXBuildFile; fileRef = 370D119F2BBCAA4D00448666 /* Preview Assets.xcassets */; };
		370D11AA2BBCAA4D00448666 /* MusicPlayerTests.swift in Sources */ = {isa = PBXBuildFile; fileRef = 370D11A92BBCAA4D00448666 /* MusicPlayerTests.swift */; };
		370D11B42BBCAA4D00448666 /* MusicPlayerUITests.swift in Sources */ = {isa = PBXBuildFile; fileRef = 370D11B32BBCAA4D00448666 /* MusicPlayerUITests.swift */; };
		370D11B62BBCAA4D00448666 /* MusicPlayerUITestsLaunchTests.swift in Sources */ = {isa = PBXBuildFile; fileRef = 370D11B52BBCAA4D00448666 /* MusicPlayerUITestsLaunchTests.swift */; };
		37D192512BBE028F00D261E1 /* Constants.swift in Sources */ = {isa = PBXBuildFile; fileRef = 37D192502BBE028F00D261E1 /* Constants.swift */; };
		37D192532BBE06E500D261E1 /* Video.swift in Sources */ = {isa = PBXBuildFile; fileRef = 37D192522BBE06E500D261E1 /* Video.swift */; };
		37D192552BBE073A00D261E1 /* Model.swift in Sources */ = {isa = PBXBuildFile; fileRef = 37D192542BBE073A00D261E1 /* Model.swift */; };
		37D192572BBE160700D261E1 /* Response.swift in Sources */ = {isa = PBXBuildFile; fileRef = 37D192562BBE160700D261E1 /* Response.swift */; };
		37D192592BBF5A9F00D261E1 /* String.swift in Sources */ = {isa = PBXBuildFile; fileRef = 37D192582BBF5A9F00D261E1 /* String.swift */; };
		37D1925B2BBF624200D261E1 /* AudioPlayerView.swift in Sources */ = {isa = PBXBuildFile; fileRef = 37D1925A2BBF624200D261E1 /* AudioPlayerView.swift */; };
/* End PBXBuildFile section */

/* Begin PBXContainerItemProxy section */
		370D11A62BBCAA4D00448666 /* PBXContainerItemProxy */ = {
			isa = PBXContainerItemProxy;
			containerPortal = 370D118D2BBCAA4C00448666 /* Project object */;
			proxyType = 1;
			remoteGlobalIDString = 370D11942BBCAA4C00448666;
			remoteInfo = MusicPlayer;
		};
		370D11B02BBCAA4D00448666 /* PBXContainerItemProxy */ = {
			isa = PBXContainerItemProxy;
			containerPortal = 370D118D2BBCAA4C00448666 /* Project object */;
			proxyType = 1;
			remoteGlobalIDString = 370D11942BBCAA4C00448666;
			remoteInfo = MusicPlayer;
		};
/* End PBXContainerItemProxy section */

/* Begin PBXFileReference section */
		370D11952BBCAA4C00448666 /* MusicPlayer.app */ = {isa = PBXFileReference; explicitFileType = wrapper.application; includeInIndex = 0; path = MusicPlayer.app; sourceTree = BUILT_PRODUCTS_DIR; };
		370D11982BBCAA4C00448666 /* MusicPlayerApp.swift */ = {isa = PBXFileReference; lastKnownFileType = sourcecode.swift; path = MusicPlayerApp.swift; sourceTree = "<group>"; };
		370D119A2BBCAA4C00448666 /* ContentView.swift */ = {isa = PBXFileReference; lastKnownFileType = sourcecode.swift; path = ContentView.swift; sourceTree = "<group>"; };
		370D119C2BBCAA4D00448666 /* Assets.xcassets */ = {isa = PBXFileReference; lastKnownFileType = folder.assetcatalog; path = Assets.xcassets; sourceTree = "<group>"; };
		370D119F2BBCAA4D00448666 /* Preview Assets.xcassets */ = {isa = PBXFileReference; lastKnownFileType = folder.assetcatalog; path = "Preview Assets.xcassets"; sourceTree = "<group>"; };
		370D11A52BBCAA4D00448666 /* MusicPlayerTests.xctest */ = {isa = PBXFileReference; explicitFileType = wrapper.cfbundle; includeInIndex = 0; path = MusicPlayerTests.xctest; sourceTree = BUILT_PRODUCTS_DIR; };
		370D11A92BBCAA4D00448666 /* MusicPlayerTests.swift */ = {isa = PBXFileReference; lastKnownFileType = sourcecode.swift; path = MusicPlayerTests.swift; sourceTree = "<group>"; };
		370D11AF2BBCAA4D00448666 /* MusicPlayerUITests.xctest */ = {isa = PBXFileReference; explicitFileType = wrapper.cfbundle; includeInIndex = 0; path = MusicPlayerUITests.xctest; sourceTree = BUILT_PRODUCTS_DIR; };
		370D11B32BBCAA4D00448666 /* MusicPlayerUITests.swift */ = {isa = PBXFileReference; lastKnownFileType = sourcecode.swift; path = MusicPlayerUITests.swift; sourceTree = "<group>"; };
		370D11B52BBCAA4D00448666 /* MusicPlayerUITestsLaunchTests.swift */ = {isa = PBXFileReference; lastKnownFileType = sourcecode.swift; path = MusicPlayerUITestsLaunchTests.swift; sourceTree = "<group>"; };
		37D192502BBE028F00D261E1 /* Constants.swift */ = {isa = PBXFileReference; lastKnownFileType = sourcecode.swift; path = Constants.swift; sourceTree = "<group>"; };
		37D192522BBE06E500D261E1 /* Video.swift */ = {isa = PBXFileReference; lastKnownFileType = sourcecode.swift; path = Video.swift; sourceTree = "<group>"; };
		37D192542BBE073A00D261E1 /* Model.swift */ = {isa = PBXFileReference; lastKnownFileType = sourcecode.swift; path = Model.swift; sourceTree = "<group>"; };
		37D192562BBE160700D261E1 /* Response.swift */ = {isa = PBXFileReference; lastKnownFileType = sourcecode.swift; path = Response.swift; sourceTree = "<group>"; };
		37D192582BBF5A9F00D261E1 /* String.swift */ = {isa = PBXFileReference; lastKnownFileType = sourcecode.swift; path = String.swift; sourceTree = "<group>"; };
		37D1925A2BBF624200D261E1 /* AudioPlayerView.swift */ = {isa = PBXFileReference; lastKnownFileType = sourcecode.swift; path = AudioPlayerView.swift; sourceTree = "<group>"; };
		37D1925C2BC497F900D261E1 /* Info.plist */ = {isa = PBXFileReference; lastKnownFileType = text.plist; path = Info.plist; sourceTree = "<group>"; };
/* End PBXFileReference section */

/* Begin PBXFrameworksBuildPhase section */
		370D11922BBCAA4C00448666 /* Frameworks */ = {
			isa = PBXFrameworksBuildPhase;
			buildActionMask = 2147483647;
			files = (
			);
			runOnlyForDeploymentPostprocessing = 0;
		};
		370D11A22BBCAA4D00448666 /* Frameworks */ = {
			isa = PBXFrameworksBuildPhase;
			buildActionMask = 2147483647;
			files = (
			);
			runOnlyForDeploymentPostprocessing = 0;
		};
		370D11AC2BBCAA4D00448666 /* Frameworks */ = {
			isa = PBXFrameworksBuildPhase;
			buildActionMask = 2147483647;
			files = (
			);
			runOnlyForDeploymentPostprocessing = 0;
		};
/* End PBXFrameworksBuildPhase section */

/* Begin PBXGroup section */
		370D118C2BBCAA4C00448666 = {
			isa = PBXGroup;
			children = (
				37D1925A2BBF624200D261E1 /* AudioPlayerView.swift */,
				370D11972BBCAA4C00448666 /* MusicPlayer */,
				370D11A82BBCAA4D00448666 /* MusicPlayerTests */,
				370D11B22BBCAA4D00448666 /* MusicPlayerUITests */,
				370D11962BBCAA4C00448666 /* Products */,
			);
			sourceTree = "<group>";
		};
		370D11962BBCAA4C00448666 /* Products */ = {
			isa = PBXGroup;
			children = (
				370D11952BBCAA4C00448666 /* MusicPlayer.app */,
				370D11A52BBCAA4D00448666 /* MusicPlayerTests.xctest */,
				370D11AF2BBCAA4D00448666 /* MusicPlayerUITests.xctest */,
			);
			name = Products;
			sourceTree = "<group>";
		};
		370D11972BBCAA4C00448666 /* MusicPlayer */ = {
			isa = PBXGroup;
			children = (
				37D1925C2BC497F900D261E1 /* Info.plist */,
				37D192582BBF5A9F00D261E1 /* String.swift */,
				370D11982BBCAA4C00448666 /* MusicPlayerApp.swift */,
				370D119A2BBCAA4C00448666 /* ContentView.swift */,
				37D192502BBE028F00D261E1 /* Constants.swift */,
				37D192522BBE06E500D261E1 /* Video.swift */,
				370D119C2BBCAA4D00448666 /* Assets.xcassets */,
				370D119E2BBCAA4D00448666 /* Preview Content */,
				37D192542BBE073A00D261E1 /* Model.swift */,
				37D192562BBE160700D261E1 /* Response.swift */,
			);
			path = MusicPlayer;
			sourceTree = "<group>";
		};
		370D119E2BBCAA4D00448666 /* Preview Content */ = {
			isa = PBXGroup;
			children = (
				370D119F2BBCAA4D00448666 /* Preview Assets.xcassets */,
			);
			path = "Preview Content";
			sourceTree = "<group>";
		};
		370D11A82BBCAA4D00448666 /* MusicPlayerTests */ = {
			isa = PBXGroup;
			children = (
				370D11A92BBCAA4D00448666 /* MusicPlayerTests.swift */,
			);
			path = MusicPlayerTests;
			sourceTree = "<group>";
		};
		370D11B22BBCAA4D00448666 /* MusicPlayerUITests */ = {
			isa = PBXGroup;
			children = (
				370D11B32BBCAA4D00448666 /* MusicPlayerUITests.swift */,
				370D11B52BBCAA4D00448666 /* MusicPlayerUITestsLaunchTests.swift */,
			);
			path = MusicPlayerUITests;
			sourceTree = "<group>";
		};
/* End PBXGroup section */

/* Begin PBXNativeTarget section */
		370D11942BBCAA4C00448666 /* MusicPlayer */ = {
			isa = PBXNativeTarget;
			buildConfigurationList = 370D11B92BBCAA4D00448666 /* Build configuration list for PBXNativeTarget "MusicPlayer" */;
			buildPhases = (
				370D11912BBCAA4C00448666 /* Sources */,
				370D11922BBCAA4C00448666 /* Frameworks */,
				370D11932BBCAA4C00448666 /* Resources */,
			);
			buildRules = (
			);
			dependencies = (
			);
			name = MusicPlayer;
			productName = MusicPlayer;
			productReference = 370D11952BBCAA4C00448666 /* MusicPlayer.app */;
			productType = "com.apple.product-type.application";
		};
		370D11A42BBCAA4D00448666 /* MusicPlayerTests */ = {
			isa = PBXNativeTarget;
			buildConfigurationList = 370D11BC2BBCAA4D00448666 /* Build configuration list for PBXNativeTarget "MusicPlayerTests" */;
			buildPhases = (
				370D11A12BBCAA4D00448666 /* Sources */,
				370D11A22BBCAA4D00448666 /* Frameworks */,
				370D11A32BBCAA4D00448666 /* Resources */,
			);
			buildRules = (
			);
			dependencies = (
				370D11A72BBCAA4D00448666 /* PBXTargetDependency */,
			);
			name = MusicPlayerTests;
			productName = MusicPlayerTests;
			productReference = 370D11A52BBCAA4D00448666 /* MusicPlayerTests.xctest */;
			productType = "com.apple.product-type.bundle.unit-test";
		};
		370D11AE2BBCAA4D00448666 /* MusicPlayerUITests */ = {
			isa = PBXNativeTarget;
			buildConfigurationList = 370D11BF2BBCAA4D00448666 /* Build configuration list for PBXNativeTarget "MusicPlayerUITests" */;
			buildPhases = (
				370D11AB2BBCAA4D00448666 /* Sources */,
				370D11AC2BBCAA4D00448666 /* Frameworks */,
				370D11AD2BBCAA4D00448666 /* Resources */,
			);
			buildRules = (
			);
			dependencies = (
				370D11B12BBCAA4D00448666 /* PBXTargetDependency */,
			);
			name = MusicPlayerUITests;
			productName = MusicPlayerUITests;
			productReference = 370D11AF2BBCAA4D00448666 /* MusicPlayerUITests.xctest */;
			productType = "com.apple.product-type.bundle.ui-testing";
		};
/* End PBXNativeTarget section */

/* Begin PBXProject section */
		370D118D2BBCAA4C00448666 /* Project object */ = {
			isa = PBXProject;
			attributes = {
				BuildIndependentTargetsInParallel = 1;
				LastSwiftUpdateCheck = 1520;
				LastUpgradeCheck = 1520;
				TargetAttributes = {
					370D11942BBCAA4C00448666 = {
						CreatedOnToolsVersion = 15.2;
					};
					370D11A42BBCAA4D00448666 = {
						CreatedOnToolsVersion = 15.2;
						TestTargetID = 370D11942BBCAA4C00448666;
					};
					370D11AE2BBCAA4D00448666 = {
						CreatedOnToolsVersion = 15.2;
						TestTargetID = 370D11942BBCAA4C00448666;
					};
				};
			};
			buildConfigurationList = 370D11902BBCAA4C00448666 /* Build configuration list for PBXProject "MusicPlayer" */;
			compatibilityVersion = "Xcode 14.0";
			developmentRegion = en;
			hasScannedForEncodings = 0;
			knownRegions = (
				en,
				Base,
			);
			mainGroup = 370D118C2BBCAA4C00448666;
			productRefGroup = 370D11962BBCAA4C00448666 /* Products */;
			projectDirPath = "";
			projectRoot = "";
			targets = (
				370D11942BBCAA4C00448666 /* MusicPlayer */,
				370D11A42BBCAA4D00448666 /* MusicPlayerTests */,
				370D11AE2BBCAA4D00448666 /* MusicPlayerUITests */,
			);
		};
/* End PBXProject section */

/* Begin PBXResourcesBuildPhase section */
		370D11932BBCAA4C00448666 /* Resources */ = {
			isa = PBXResourcesBuildPhase;
			buildActionMask = 2147483647;
			files = (
				370D11A02BBCAA4D00448666 /* Preview Assets.xcassets in Resources */,
				370D119D2BBCAA4D00448666 /* Assets.xcassets in Resources */,
			);
			runOnlyForDeploymentPostprocessing = 0;
		};
		370D11A32BBCAA4D00448666 /* Resources */ = {
			isa = PBXResourcesBuildPhase;
			buildActionMask = 2147483647;
			files = (
			);
			runOnlyForDeploymentPostprocessing = 0;
		};
		370D11AD2BBCAA4D00448666 /* Resources */ = {
			isa = PBXResourcesBuildPhase;
			buildActionMask = 2147483647;
			files = (
			);
			runOnlyForDeploymentPostprocessing = 0;
		};
/* End PBXResourcesBuildPhase section */

/* Begin PBXSourcesBuildPhase section */
		370D11912BBCAA4C00448666 /* Sources */ = {
			isa = PBXSourcesBuildPhase;
			buildActionMask = 2147483647;
			files = (
				37D192552BBE073A00D261E1 /* Model.swift in Sources */,
				370D119B2BBCAA4C00448666 /* ContentView.swift in Sources */,
				37D1925B2BBF624200D261E1 /* AudioPlayerView.swift in Sources */,
				37D192532BBE06E500D261E1 /* Video.swift in Sources */,
				370D11992BBCAA4C00448666 /* MusicPlayerApp.swift in Sources */,
				37D192592BBF5A9F00D261E1 /* String.swift in Sources */,
				37D192572BBE160700D261E1 /* Response.swift in Sources */,
				37D192512BBE028F00D261E1 /* Constants.swift in Sources */,
			);
			runOnlyForDeploymentPostprocessing = 0;
		};
		370D11A12BBCAA4D00448666 /* Sources */ = {
			isa = PBXSourcesBuildPhase;
			buildActionMask = 2147483647;
			files = (
				370D11AA2BBCAA4D00448666 /* MusicPlayerTests.swift in Sources */,
			);
			runOnlyForDeploymentPostprocessing = 0;
		};
		370D11AB2BBCAA4D00448666 /* Sources */ = {
			isa = PBXSourcesBuildPhase;
			buildActionMask = 2147483647;
			files = (
				370D11B42BBCAA4D00448666 /* MusicPlayerUITests.swift in Sources */,
				370D11B62BBCAA4D00448666 /* MusicPlayerUITestsLaunchTests.swift in Sources */,
			);
			runOnlyForDeploymentPostprocessing = 0;
		};
/* End PBXSourcesBuildPhase section */

/* Begin PBXTargetDependency section */
		370D11A72BBCAA4D00448666 /* PBXTargetDependency */ = {
			isa = PBXTargetDependency;
			target = 370D11942BBCAA4C00448666 /* MusicPlayer */;
			targetProxy = 370D11A62BBCAA4D00448666 /* PBXContainerItemProxy */;
		};
		370D11B12BBCAA4D00448666 /* PBXTargetDependency */ = {
			isa = PBXTargetDependency;
			target = 370D11942BBCAA4C00448666 /* MusicPlayer */;
			targetProxy = 370D11B02BBCAA4D00448666 /* PBXContainerItemProxy */;
		};
/* End PBXTargetDependency section */

/* Begin XCBuildConfiguration section */
		370D11B72BBCAA4D00448666 /* Debug */ = {
			isa = XCBuildConfiguration;
			buildSettings = {
				ALWAYS_SEARCH_USER_PATHS = NO;
				ASSETCATALOG_COMPILER_GENERATE_SWIFT_ASSET_SYMBOL_EXTENSIONS = YES;
				CLANG_ANALYZER_NONNULL = YES;
				CLANG_ANALYZER_NUMBER_OBJECT_CONVERSION = YES_AGGRESSIVE;
				CLANG_CXX_LANGUAGE_STANDARD = "gnu++20";
				CLANG_ENABLE_MODULES = YES;
				CLANG_ENABLE_OBJC_ARC = YES;
				CLANG_ENABLE_OBJC_WEAK = YES;
				CLANG_WARN_BLOCK_CAPTURE_AUTORELEASING = YES;
				CLANG_WARN_BOOL_CONVERSION = YES;
				CLANG_WARN_COMMA = YES;
				CLANG_WARN_CONSTANT_CONVERSION = YES;
				CLANG_WARN_DEPRECATED_OBJC_IMPLEMENTATIONS = YES;
				CLANG_WARN_DIRECT_OBJC_ISA_USAGE = YES_ERROR;
				CLANG_WARN_DOCUMENTATION_COMMENTS = YES;
				CLANG_WARN_EMPTY_BODY = YES;
				CLANG_WARN_ENUM_CONVERSION = YES;
				CLANG_WARN_INFINITE_RECURSION = YES;
				CLANG_WARN_INT_CONVERSION = YES;
				CLANG_WARN_NON_LITERAL_NULL_CONVERSION = YES;
				CLANG_WARN_OBJC_IMPLICIT_RETAIN_SELF = YES;
				CLANG_WARN_OBJC_LITERAL_CONVERSION = YES;
				CLANG_WARN_OBJC_ROOT_CLASS = YES_ERROR;
				CLANG_WARN_QUOTED_INCLUDE_IN_FRAMEWORK_HEADER = YES;
				CLANG_WARN_RANGE_LOOP_ANALYSIS = YES;
				CLANG_WARN_STRICT_PROTOTYPES = YES;
				CLANG_WARN_SUSPICIOUS_MOVE = YES;
				CLANG_WARN_UNGUARDED_AVAILABILITY = YES_AGGRESSIVE;
				CLANG_WARN_UNREACHABLE_CODE = YES;
				CLANG_WARN__DUPLICATE_METHOD_MATCH = YES;
				COPY_PHASE_STRIP = NO;
				DEBUG_INFORMATION_FORMAT = dwarf;
				ENABLE_STRICT_OBJC_MSGSEND = YES;
				ENABLE_TESTABILITY = YES;
				ENABLE_USER_SCRIPT_SANDBOXING = YES;
				GCC_C_LANGUAGE_STANDARD = gnu17;
				GCC_DYNAMIC_NO_PIC = NO;
				GCC_NO_COMMON_BLOCKS = YES;
				GCC_OPTIMIZATION_LEVEL = 0;
				GCC_PREPROCESSOR_DEFINITIONS = (
					"DEBUG=1",
					"$(inherited)",
				);
				GCC_WARN_64_TO_32_BIT_CONVERSION = YES;
				GCC_WARN_ABOUT_RETURN_TYPE = YES_ERROR;
				GCC_WARN_UNDECLARED_SELECTOR = YES;
				GCC_WARN_UNINITIALIZED_AUTOS = YES_AGGRESSIVE;
				GCC_WARN_UNUSED_FUNCTION = YES;
				GCC_WARN_UNUSED_VARIABLE = YES;
				IPHONEOS_DEPLOYMENT_TARGET = 17.2;
				LOCALIZATION_PREFERS_STRING_CATALOGS = YES;
				MTL_ENABLE_DEBUG_INFO = INCLUDE_SOURCE;
				MTL_FAST_MATH = YES;
				ONLY_ACTIVE_ARCH = YES;
				SDKROOT = iphoneos;
				SWIFT_ACTIVE_COMPILATION_CONDITIONS = "DEBUG $(inherited)";
				SWIFT_OPTIMIZATION_LEVEL = "-Onone";
			};
			name = Debug;
		};
		370D11B82BBCAA4D00448666 /* Release */ = {
			isa = XCBuildConfiguration;
			buildSettings = {
				ALWAYS_SEARCH_USER_PATHS = NO;
				ASSETCATALOG_COMPILER_GENERATE_SWIFT_ASSET_SYMBOL_EXTENSIONS = YES;
				CLANG_ANALYZER_NONNULL = YES;
				CLANG_ANALYZER_NUMBER_OBJECT_CONVERSION = YES_AGGRESSIVE;
				CLANG_CXX_LANGUAGE_STANDARD = "gnu++20";
				CLANG_ENABLE_MODULES = YES;
				CLANG_ENABLE_OBJC_ARC = YES;
				CLANG_ENABLE_OBJC_WEAK = YES;
				CLANG_WARN_BLOCK_CAPTURE_AUTORELEASING = YES;
				CLANG_WARN_BOOL_CONVERSION = YES;
				CLANG_WARN_COMMA = YES;
				CLANG_WARN_CONSTANT_CONVERSION = YES;
				CLANG_WARN_DEPRECATED_OBJC_IMPLEMENTATIONS = YES;
				CLANG_WARN_DIRECT_OBJC_ISA_USAGE = YES_ERROR;
				CLANG_WARN_DOCUMENTATION_COMMENTS = YES;
				CLANG_WARN_EMPTY_BODY = YES;
				CLANG_WARN_ENUM_CONVERSION = YES;
				CLANG_WARN_INFINITE_RECURSION = YES;
				CLANG_WARN_INT_CONVERSION = YES;
				CLANG_WARN_NON_LITERAL_NULL_CONVERSION = YES;
				CLANG_WARN_OBJC_IMPLICIT_RETAIN_SELF = YES;
				CLANG_WARN_OBJC_LITERAL_CONVERSION = YES;
				CLANG_WARN_OBJC_ROOT_CLASS = YES_ERROR;
				CLANG_WARN_QUOTED_INCLUDE_IN_FRAMEWORK_HEADER = YES;
				CLANG_WARN_RANGE_LOOP_ANALYSIS = YES;
				CLANG_WARN_STRICT_PROTOTYPES = YES;
				CLANG_WARN_SUSPICIOUS_MOVE = YES;
				CLANG_WARN_UNGUARDED_AVAILABILITY = YES_AGGRESSIVE;
				CLANG_WARN_UNREACHABLE_CODE = YES;
				CLANG_WARN__DUPLICATE_METHOD_MATCH = YES;
				COPY_PHASE_STRIP = NO;
				DEBUG_INFORMATION_FORMAT = "dwarf-with-dsym";
				ENABLE_NS_ASSERTIONS = NO;
				ENABLE_STRICT_OBJC_MSGSEND = YES;
				ENABLE_USER_SCRIPT_SANDBOXING = YES;
				GCC_C_LANGUAGE_STANDARD = gnu17;
				GCC_NO_COMMON_BLOCKS = YES;
				GCC_WARN_64_TO_32_BIT_CONVERSION = YES;
				GCC_WARN_ABOUT_RETURN_TYPE = YES_ERROR;
				GCC_WARN_UNDECLARED_SELECTOR = YES;
				GCC_WARN_UNINITIALIZED_AUTOS = YES_AGGRESSIVE;
				GCC_WARN_UNUSED_FUNCTION = YES;
				GCC_WARN_UNUSED_VARIABLE = YES;
				IPHONEOS_DEPLOYMENT_TARGET = 17.2;
				LOCALIZATION_PREFERS_STRING_CATALOGS = YES;
				MTL_ENABLE_DEBUG_INFO = NO;
				MTL_FAST_MATH = YES;
				SDKROOT = iphoneos;
				SWIFT_COMPILATION_MODE = wholemodule;
				VALIDATE_PRODUCT = YES;
			};
			name = Release;
		};
		370D11BA2BBCAA4D00448666 /* Debug */ = {
			isa = XCBuildConfiguration;
			buildSettings = {
				ASSETCATALOG_COMPILER_APPICON_NAME = AppIcon;
				ASSETCATALOG_COMPILER_GLOBAL_ACCENT_COLOR_NAME = AccentColor;
				CODE_SIGN_STYLE = Automatic;
				CURRENT_PROJECT_VERSION = 1;
				DEVELOPMENT_ASSET_PATHS = "\"MusicPlayer/Preview Content\"";
				DEVELOPMENT_TEAM = X3438XN5CJ;
				ENABLE_PREVIEWS = YES;
				GENERATE_INFOPLIST_FILE = YES;
				INFOPLIST_FILE = MusicPlayer/Info.plist;
				INFOPLIST_KEY_UIApplicationSceneManifest_Generation = YES;
				INFOPLIST_KEY_UIApplicationSupportsIndirectInputEvents = YES;
				INFOPLIST_KEY_UILaunchScreen_Generation = YES;
				INFOPLIST_KEY_UISupportedInterfaceOrientations_iPad = "UIInterfaceOrientationPortrait UIInterfaceOrientationPortraitUpsideDown UIInterfaceOrientationLandscapeLeft UIInterfaceOrientationLandscapeRight";
				INFOPLIST_KEY_UISupportedInterfaceOrientations_iPhone = "UIInterfaceOrientationPortrait UIInterfaceOrientationLandscapeLeft UIInterfaceOrientationLandscapeRight";
				LD_RUNPATH_SEARCH_PATHS = (
					"$(inherited)",
					"@executable_path/Frameworks",
				);
				MARKETING_VERSION = 1.0;
				PRODUCT_BUNDLE_IDENTIFIER = chasekellogg.MusicPlayer;
				PRODUCT_NAME = "$(TARGET_NAME)";
				SWIFT_EMIT_LOC_STRINGS = YES;
				SWIFT_VERSION = 5.0;
				TARGETED_DEVICE_FAMILY = "1,2";
			};
			name = Debug;
		};
		370D11BB2BBCAA4D00448666 /* Release */ = {
			isa = XCBuildConfiguration;
			buildSettings = {
				ASSETCATALOG_COMPILER_APPICON_NAME = AppIcon;
				ASSETCATALOG_COMPILER_GLOBAL_ACCENT_COLOR_NAME = AccentColor;
				CODE_SIGN_STYLE = Automatic;
				CURRENT_PROJECT_VERSION = 1;
				DEVELOPMENT_ASSET_PATHS = "\"MusicPlayer/Preview Content\"";
				DEVELOPMENT_TEAM = X3438XN5CJ;
				ENABLE_PREVIEWS = YES;
				GENERATE_INFOPLIST_FILE = YES;
				INFOPLIST_FILE = MusicPlayer/Info.plist;
				INFOPLIST_KEY_UIApplicationSceneManifest_Generation = YES;
				INFOPLIST_KEY_UIApplicationSupportsIndirectInputEvents = YES;
				INFOPLIST_KEY_UILaunchScreen_Generation = YES;
				INFOPLIST_KEY_UISupportedInterfaceOrientations_iPad = "UIInterfaceOrientationPortrait UIInterfaceOrientationPortraitUpsideDown UIInterfaceOrientationLandscapeLeft UIInterfaceOrientationLandscapeRight";
				INFOPLIST_KEY_UISupportedInterfaceOrientations_iPhone = "UIInterfaceOrientationPortrait UIInterfaceOrientationLandscapeLeft UIInterfaceOrientationLandscapeRight";
				LD_RUNPATH_SEARCH_PATHS = (
					"$(inherited)",
					"@executable_path/Frameworks",
				);
				MARKETING_VERSION = 1.0;
				PRODUCT_BUNDLE_IDENTIFIER = chasekellogg.MusicPlayer;
				PRODUCT_NAME = "$(TARGET_NAME)";
				SWIFT_EMIT_LOC_STRINGS = YES;
				SWIFT_VERSION = 5.0;
				TARGETED_DEVICE_FAMILY = "1,2";
			};
			name = Release;
		};
		370D11BD2BBCAA4D00448666 /* Debug */ = {
			isa = XCBuildConfiguration;
			buildSettings = {
				ALWAYS_EMBED_SWIFT_STANDARD_LIBRARIES = YES;
				BUNDLE_LOADER = "$(TEST_HOST)";
				CODE_SIGN_STYLE = Automatic;
				CURRENT_PROJECT_VERSION = 1;
				GENERATE_INFOPLIST_FILE = YES;
				IPHONEOS_DEPLOYMENT_TARGET = 17.2;
				MARKETING_VERSION = 1.0;
				PRODUCT_BUNDLE_IDENTIFIER = chasekellogg.MusicPlayerTests;
				PRODUCT_NAME = "$(TARGET_NAME)";
				SWIFT_EMIT_LOC_STRINGS = NO;
				SWIFT_VERSION = 5.0;
				TARGETED_DEVICE_FAMILY = "1,2";
				TEST_HOST = "$(BUILT_PRODUCTS_DIR)/MusicPlayer.app/$(BUNDLE_EXECUTABLE_FOLDER_PATH)/MusicPlayer";
			};
			name = Debug;
		};
		370D11BE2BBCAA4D00448666 /* Release */ = {
			isa = XCBuildConfiguration;
			buildSettings = {
				ALWAYS_EMBED_SWIFT_STANDARD_LIBRARIES = YES;
				BUNDLE_LOADER = "$(TEST_HOST)";
				CODE_SIGN_STYLE = Automatic;
				CURRENT_PROJECT_VERSION = 1;
				GENERATE_INFOPLIST_FILE = YES;
				IPHONEOS_DEPLOYMENT_TARGET = 17.2;
				MARKETING_VERSION = 1.0;
				PRODUCT_BUNDLE_IDENTIFIER = chasekellogg.MusicPlayerTests;
				PRODUCT_NAME = "$(TARGET_NAME)";
				SWIFT_EMIT_LOC_STRINGS = NO;
				SWIFT_VERSION = 5.0;
				TARGETED_DEVICE_FAMILY = "1,2";
				TEST_HOST = "$(BUILT_PRODUCTS_DIR)/MusicPlayer.app/$(BUNDLE_EXECUTABLE_FOLDER_PATH)/MusicPlayer";
			};
			name = Release;
		};
		370D11C02BBCAA4D00448666 /* Debug */ = {
			isa = XCBuildConfiguration;
			buildSettings = {
				ALWAYS_EMBED_SWIFT_STANDARD_LIBRARIES = YES;
				CODE_SIGN_STYLE = Automatic;
				CURRENT_PROJECT_VERSION = 1;
				GENERATE_INFOPLIST_FILE = YES;
				MARKETING_VERSION = 1.0;
				PRODUCT_BUNDLE_IDENTIFIER = chasekellogg.MusicPlayerUITests;
				PRODUCT_NAME = "$(TARGET_NAME)";
				SWIFT_EMIT_LOC_STRINGS = NO;
				SWIFT_VERSION = 5.0;
				TARGETED_DEVICE_FAMILY = "1,2";
				TEST_TARGET_NAME = MusicPlayer;
			};
			name = Debug;
		};
		370D11C12BBCAA4D00448666 /* Release */ = {
			isa = XCBuildConfiguration;
			buildSettings = {
				ALWAYS_EMBED_SWIFT_STANDARD_LIBRARIES = YES;
				CODE_SIGN_STYLE = Automatic;
				CURRENT_PROJECT_VERSION = 1;
				GENERATE_INFOPLIST_FILE = YES;
				MARKETING_VERSION = 1.0;
				PRODUCT_BUNDLE_IDENTIFIER = chasekellogg.MusicPlayerUITests;
				PRODUCT_NAME = "$(TARGET_NAME)";
				SWIFT_EMIT_LOC_STRINGS = NO;
				SWIFT_VERSION = 5.0;
				TARGETED_DEVICE_FAMILY = "1,2";
				TEST_TARGET_NAME = MusicPlayer;
			};
			name = Release;
		};
/* End XCBuildConfiguration section */

/* Begin XCConfigurationList section */
		370D11902BBCAA4C00448666 /* Build configuration list for PBXProject "MusicPlayer" */ = {
			isa = XCConfigurationList;
			buildConfigurations = (
				370D11B72BBCAA4D00448666 /* Debug */,
				370D11B82BBCAA4D00448666 /* Release */,
			);
			defaultConfigurationIsVisible = 0;
			defaultConfigurationName = Release;
		};
		370D11B92BBCAA4D00448666 /* Build configuration list for PBXNativeTarget "MusicPlayer" */ = {
			isa = XCConfigurationList;
			buildConfigurations = (
				370D11BA2BBCAA4D00448666 /* Debug */,
				370D11BB2BBCAA4D00448666 /* Release */,
			);
			defaultConfigurationIsVisible = 0;
			defaultConfigurationName = Release;
		};
		370D11BC2BBCAA4D00448666 /* Build configuration list for PBXNativeTarget "MusicPlayerTests" */ = {
			isa = XCConfigurationList;
			buildConfigurations = (
				370D11BD2BBCAA4D00448666 /* Debug */,
				370D11BE2BBCAA4D00448666 /* Release */,
			);
			defaultConfigurationIsVisible = 0;
			defaultConfigurationName = Release;
		};
		370D11BF2BBCAA4D00448666 /* Build configuration list for PBXNativeTarget "MusicPlayerUITests" */ = {
			isa = XCConfigurationList;
			buildConfigurations = (
				370D11C02BBCAA4D00448666 /* Debug */,
				370D11C12BBCAA4D00448666 /* Release */,
			);
			defaultConfigurationIsVisible = 0;
			defaultConfigurationName = Release;
		};
/* End XCConfigurationList section */
	};
	rootObject = 370D118D2BBCAA4C00448666 /* Project object */;
}
